// !$*UTF8*$!
{
	archiveVersion = 1;
	classes = {
	};
	objectVersion = 56;
	objects = {

/* Begin PBXBuildFile section */
		7C2C9ACC2C93E50700DC1802 /* AppDelegate.swift in Sources */ = {isa = PBXBuildFile; fileRef = 7C2C9ACB2C93E50700DC1802 /* AppDelegate.swift */; };
		7C2C9ACE2C93E50700DC1802 /* SceneDelegate.swift in Sources */ = {isa = PBXBuildFile; fileRef = 7C2C9ACD2C93E50700DC1802 /* SceneDelegate.swift */; };
		7C2C9AD02C93E50700DC1802 /* ViewController.swift in Sources */ = {isa = PBXBuildFile; fileRef = 7C2C9ACF2C93E50700DC1802 /* ViewController.swift */; };
		7C2C9AD32C93E50700DC1802 /* Base in Resources */ = {isa = PBXBuildFile; fileRef = 7C2C9AD22C93E50700DC1802 /* Base */; };
		7C2C9AD52C93E50900DC1802 /* Assets.xcassets in Resources */ = {isa = PBXBuildFile; fileRef = 7C2C9AD42C93E50900DC1802 /* Assets.xcassets */; };
		7C2C9AD82C93E50900DC1802 /* Base in Resources */ = {isa = PBXBuildFile; fileRef = 7C2C9AD72C93E50900DC1802 /* Base */; };
		7C2C9AE02C93E53900DC1802 /* DetailMindMapView.swift in Sources */ = {isa = PBXBuildFile; fileRef = 7C2C9ADF2C93E53900DC1802 /* DetailMindMapView.swift */; };
		7CBB78422CD485A5001F73FA /* map.png in Resources */ = {isa = PBXBuildFile; fileRef = 7CBB78412CD485A5001F73FA /* map.png */; };
/* End PBXBuildFile section */

/* Begin PBXFileReference section */
		7C2C9AC82C93E50700DC1802 /* MindMap.app */ = {isa = PBXFileReference; explicitFileType = wrapper.application; includeInIndex = 0; path = MindMap.app; sourceTree = BUILT_PRODUCTS_DIR; };
		7C2C9ACB2C93E50700DC1802 /* AppDelegate.swift */ = {isa = PBXFileReference; lastKnownFileType = sourcecode.swift; path = AppDelegate.swift; sourceTree = "<group>"; };
		7C2C9ACD2C93E50700DC1802 /* SceneDelegate.swift */ = {isa = PBXFileReference; lastKnownFileType = sourcecode.swift; path = SceneDelegate.swift; sourceTree = "<group>"; };
		7C2C9ACF2C93E50700DC1802 /* ViewController.swift */ = {isa = PBXFileReference; lastKnownFileType = sourcecode.swift; path = ViewController.swift; sourceTree = "<group>"; };
		7C2C9AD22C93E50700DC1802 /* Base */ = {isa = PBXFileReference; lastKnownFileType = file.storyboard; name = Base; path = Base.lproj/Main.storyboard; sourceTree = "<group>"; };
		7C2C9AD42C93E50900DC1802 /* Assets.xcassets */ = {isa = PBXFileReference; lastKnownFileType = folder.assetcatalog; path = Assets.xcassets; sourceTree = "<group>"; };
		7C2C9AD72C93E50900DC1802 /* Base */ = {isa = PBXFileReference; lastKnownFileType = file.storyboard; name = Base; path = Base.lproj/LaunchScreen.storyboard; sourceTree = "<group>"; };
		7C2C9AD92C93E50900DC1802 /* Info.plist */ = {isa = PBXFileReference; lastKnownFileType = text.plist.xml; path = Info.plist; sourceTree = "<group>"; };
		7C2C9ADF2C93E53900DC1802 /* DetailMindMapView.swift */ = {isa = PBXFileReference; fileEncoding = 4; lastKnownFileType = sourcecode.swift; path = DetailMindMapView.swift; sourceTree = "<group>"; };
		7CBB78412CD485A5001F73FA /* map.png */ = {isa = PBXFileReference; lastKnownFileType = image.png; path = map.png; sourceTree = "<group>"; };
/* End PBXFileReference section */

/* Begin PBXFrameworksBuildPhase section */
		7C2C9AC52C93E50700DC1802 /* Frameworks */ = {
			isa = PBXFrameworksBuildPhase;
			buildActionMask = 2147483647;
			files = (
			);
			runOnlyForDeploymentPostprocessing = 0;
		};
/* End PBXFrameworksBuildPhase section */

/* Begin PBXGroup section */
		7C2C9ABF2C93E50700DC1802 = {
			isa = PBXGroup;
			children = (
				7C2C9ACA2C93E50700DC1802 /* MindMap */,
				7C2C9AC92C93E50700DC1802 /* Products */,
			);
			sourceTree = "<group>";
		};
		7C2C9AC92C93E50700DC1802 /* Products */ = {
			isa = PBXGroup;
			children = (
				7C2C9AC82C93E50700DC1802 /* MindMap.app */,
			);
			name = Products;
			sourceTree = "<group>";
		};
		7C2C9ACA2C93E50700DC1802 /* MindMap */ = {
			isa = PBXGroup;
			children = (
				7C2C9ACB2C93E50700DC1802 /* AppDelegate.swift */,
				7C2C9ACD2C93E50700DC1802 /* SceneDelegate.swift */,
				7C2C9ACF2C93E50700DC1802 /* ViewController.swift */,
				7C2C9ADF2C93E53900DC1802 /* DetailMindMapView.swift */,
				7C2C9AD12C93E50700DC1802 /* Main.storyboard */,
				7CBB78412CD485A5001F73FA /* map.png */,
				7C2C9AD42C93E50900DC1802 /* Assets.xcassets */,
				7C2C9AD62C93E50900DC1802 /* LaunchScreen.storyboard */,
				7C2C9AD92C93E50900DC1802 /* Info.plist */,
			);
			path = MindMap;
			sourceTree = "<group>";
		};
/* End PBXGroup section */

/* Begin PBXNativeTarget section */
		7C2C9AC72C93E50700DC1802 /* MindMap */ = {
			isa = PBXNativeTarget;
			buildConfigurationList = 7C2C9ADC2C93E50900DC1802 /* Build configuration list for PBXNativeTarget "MindMap" */;
			buildPhases = (
				7C2C9AC42C93E50700DC1802 /* Sources */,
				7C2C9AC52C93E50700DC1802 /* Frameworks */,
				7C2C9AC62C93E50700DC1802 /* Resources */,
			);
			buildRules = (
			);
			dependencies = (
			);
			name = MindMap;
			productName = MindMap;
			productReference = 7C2C9AC82C93E50700DC1802 /* MindMap.app */;
			productType = "com.apple.product-type.application";
		};
/* End PBXNativeTarget section */

/* Begin PBXProject section */
		7C2C9AC02C93E50700DC1802 /* Project object */ = {
			isa = PBXProject;
			attributes = {
				BuildIndependentTargetsInParallel = 1;
				LastSwiftUpdateCheck = 1540;
				LastUpgradeCheck = 1540;
				TargetAttributes = {
					7C2C9AC72C93E50700DC1802 = {
						CreatedOnToolsVersion = 15.4;
					};
				};
			};
			buildConfigurationList = 7C2C9AC32C93E50700DC1802 /* Build configuration list for PBXProject "MindMap" */;
			compatibilityVersion = "Xcode 14.0";
			developmentRegion = en;
			hasScannedForEncodings = 0;
			knownRegions = (
				en,
				Base,
			);
			mainGroup = 7C2C9ABF2C93E50700DC1802;
			productRefGroup = 7C2C9AC92C93E50700DC1802 /* Products */;
			projectDirPath = "";
			projectRoot = "";
			targets = (
				7C2C9AC72C93E50700DC1802 /* MindMap */,
			);
		};
/* End PBXProject section */

/* Begin PBXResourcesBuildPhase section */
		7C2C9AC62C93E50700DC1802 /* Resources */ = {
			isa = PBXResourcesBuildPhase;
			buildActionMask = 2147483647;
			files = (
				7CBB78422CD485A5001F73FA /* map.png in Resources */,
				7C2C9AD52C93E50900DC1802 /* Assets.xcassets in Resources */,
				7C2C9AD82C93E50900DC1802 /* Base in Resources */,
				7C2C9AD32C93E50700DC1802 /* Base in Resources */,
			);
			runOnlyForDeploymentPostprocessing = 0;
		};
/* End PBXResourcesBuildPhase section */

/* Begin PBXSourcesBuildPhase section */
		7C2C9AC42C93E50700DC1802 /* Sources */ = {
			isa = PBXSourcesBuildPhase;
			buildActionMask = 2147483647;
			files = (
				7C2C9AD02C93E50700DC1802 /* ViewController.swift in Sources */,
				7C2C9ACC2C93E50700DC1802 /* AppDelegate.swift in Sources */,
				7C2C9AE02C93E53900DC1802 /* DetailMindMapView.swift in Sources */,
				7C2C9ACE2C93E50700DC1802 /* SceneDelegate.swift in Sources */,
			);
			runOnlyForDeploymentPostprocessing = 0;
		};
/* End PBXSourcesBuildPhase section */

/* Begin PBXVariantGroup section */
		7C2C9AD12C93E50700DC1802 /* Main.storyboard */ = {
			isa = PBXVariantGroup;
			children = (
				7C2C9AD22C93E50700DC1802 /* Base */,
			);
			name = Main.storyboard;
			sourceTree = "<group>";
		};
		7C2C9AD62C93E50900DC1802 /* LaunchScreen.storyboard */ = {
			isa = PBXVariantGroup;
			children = (
				7C2C9AD72C93E50900DC1802 /* Base */,
			);
			name = LaunchScreen.storyboard;
			sourceTree = "<group>";
		};
/* End PBXVariantGroup section */

/* Begin XCBuildConfiguration section */
		7C2C9ADA2C93E50900DC1802 /* Debug */ = {
			isa = XCBuildConfiguration;
			buildSettings = {
				ALWAYS_SEARCH_USER_PATHS = NO;
				ASSETCATALOG_COMPILER_GENERATE_SWIFT_ASSET_SYMBOL_EXTENSIONS = YES;
				CLANG_ANALYZER_NONNULL = YES;
				CLANG_ANALYZER_NUMBER_OBJECT_CONVERSION = YES_AGGRESSIVE;
				CLANG_CXX_LANGUAGE_STANDARD = "gnu++20";
				CLANG_ENABLE_MODULES = YES;
				CLANG_ENABLE_OBJC_ARC = YES;
				CLANG_ENABLE_OBJC_WEAK = YES;
				CLANG_WARN_BLOCK_CAPTURE_AUTORELEASING = YES;
				CLANG_WARN_BOOL_CONVERSION = YES;
				CLANG_WARN_COMMA = YES;
				CLANG_WARN_CONSTANT_CONVERSION = YES;
				CLANG_WARN_DEPRECATED_OBJC_IMPLEMENTATIONS = YES;
				CLANG_WARN_DIRECT_OBJC_ISA_USAGE = YES_ERROR;
				CLANG_WARN_DOCUMENTATION_COMMENTS = YES;
				CLANG_WARN_EMPTY_BODY = YES;
				CLANG_WARN_ENUM_CONVERSION = YES;
				CLANG_WARN_INFINITE_RECURSION = YES;
				CLANG_WARN_INT_CONVERSION = YES;
				CLANG_WARN_NON_LITERAL_NULL_CONVERSION = YES;
				CLANG_WARN_OBJC_IMPLICIT_RETAIN_SELF = YES;
				CLANG_WARN_OBJC_LITERAL_CONVERSION = YES;
				CLANG_WARN_OBJC_ROOT_CLASS = YES_ERROR;
				CLANG_WARN_QUOTED_INCLUDE_IN_FRAMEWORK_HEADER = YES;
				CLANG_WARN_RANGE_LOOP_ANALYSIS = YES;
				CLANG_WARN_STRICT_PROTOTYPES = YES;
				CLANG_WARN_SUSPICIOUS_MOVE = YES;
				CLANG_WARN_UNGUARDED_AVAILABILITY = YES_AGGRESSIVE;
				CLANG_WARN_UNREACHABLE_CODE = YES;
				CLANG_WARN__DUPLICATE_METHOD_MATCH = YES;
				COPY_PHASE_STRIP = NO;
				DEBUG_INFORMATION_FORMAT = dwarf;
				ENABLE_STRICT_OBJC_MSGSEND = YES;
				ENABLE_TESTABILITY = YES;
				ENABLE_USER_SCRIPT_SANDBOXING = YES;
				GCC_C_LANGUAGE_STANDARD = gnu17;
				GCC_DYNAMIC_NO_PIC = NO;
				GCC_NO_COMMON_BLOCKS = YES;
				GCC_OPTIMIZATION_LEVEL = 0;
				GCC_PREPROCESSOR_DEFINITIONS = (
					"DEBUG=1",
					"$(inherited)",
				);
				GCC_WARN_64_TO_32_BIT_CONVERSION = YES;
				GCC_WARN_ABOUT_RETURN_TYPE = YES_ERROR;
				GCC_WARN_UNDECLARED_SELECTOR = YES;
				GCC_WARN_UNINITIALIZED_AUTOS = YES_AGGRESSIVE;
				GCC_WARN_UNUSED_FUNCTION = YES;
				GCC_WARN_UNUSED_VARIABLE = YES;
				IPHONEOS_DEPLOYMENT_TARGET = 17.5;
				LOCALIZATION_PREFERS_STRING_CATALOGS = YES;
				MTL_ENABLE_DEBUG_INFO = INCLUDE_SOURCE;
				MTL_FAST_MATH = YES;
				ONLY_ACTIVE_ARCH = YES;
				SDKROOT = iphoneos;
				SWIFT_ACTIVE_COMPILATION_CONDITIONS = "DEBUG $(inherited)";
				SWIFT_OPTIMIZATION_LEVEL = "-Onone";
			};
			name = Debug;
		};
		7C2C9ADB2C93E50900DC1802 /* Release */ = {
			isa = XCBuildConfiguration;
			buildSettings = {
				ALWAYS_SEARCH_USER_PATHS = NO;
				ASSETCATALOG_COMPILER_GENERATE_SWIFT_ASSET_SYMBOL_EXTENSIONS = YES;
				CLANG_ANALYZER_NONNULL = YES;
				CLANG_ANALYZER_NUMBER_OBJECT_CONVERSION = YES_AGGRESSIVE;
				CLANG_CXX_LANGUAGE_STANDARD = "gnu++20";
				CLANG_ENABLE_MODULES = YES;
				CLANG_ENABLE_OBJC_ARC = YES;
				CLANG_ENABLE_OBJC_WEAK = YES;
				CLANG_WARN_BLOCK_CAPTURE_AUTORELEASING = YES;
				CLANG_WARN_BOOL_CONVERSION = YES;
				CLANG_WARN_COMMA = YES;
				CLANG_WARN_CONSTANT_CONVERSION = YES;
				CLANG_WARN_DEPRECATED_OBJC_IMPLEMENTATIONS = YES;
				CLANG_WARN_DIRECT_OBJC_ISA_USAGE = YES_ERROR;
				CLANG_WARN_DOCUMENTATION_COMMENTS = YES;
				CLANG_WARN_EMPTY_BODY = YES;
				CLANG_WARN_ENUM_CONVERSION = YES;
				CLANG_WARN_INFINITE_RECURSION = YES;
				CLANG_WARN_INT_CONVERSION = YES;
				CLANG_WARN_NON_LITERAL_NULL_CONVERSION = YES;
				CLANG_WARN_OBJC_IMPLICIT_RETAIN_SELF = YES;
				CLANG_WARN_OBJC_LITERAL_CONVERSION = YES;
				CLANG_WARN_OBJC_ROOT_CLASS = YES_ERROR;
				CLANG_WARN_QUOTED_INCLUDE_IN_FRAMEWORK_HEADER = YES;
				CLANG_WARN_RANGE_LOOP_ANALYSIS = YES;
				CLANG_WARN_STRICT_PROTOTYPES = YES;
				CLANG_WARN_SUSPICIOUS_MOVE = YES;
				CLANG_WARN_UNGUARDED_AVAILABILITY = YES_AGGRESSIVE;
				CLANG_WARN_UNREACHABLE_CODE = YES;
				CLANG_WARN__DUPLICATE_METHOD_MATCH = YES;
				COPY_PHASE_STRIP = NO;
				DEBUG_INFORMATION_FORMAT = "dwarf-with-dsym";
				ENABLE_NS_ASSERTIONS = NO;
				ENABLE_STRICT_OBJC_MSGSEND = YES;
				ENABLE_USER_SCRIPT_SANDBOXING = YES;
				GCC_C_LANGUAGE_STANDARD = gnu17;
				GCC_NO_COMMON_BLOCKS = YES;
				GCC_WARN_64_TO_32_BIT_CONVERSION = YES;
				GCC_WARN_ABOUT_RETURN_TYPE = YES_ERROR;
				GCC_WARN_UNDECLARED_SELECTOR = YES;
				GCC_WARN_UNINITIALIZED_AUTOS = YES_AGGRESSIVE;
				GCC_WARN_UNUSED_FUNCTION = YES;
				GCC_WARN_UNUSED_VARIABLE = YES;
				IPHONEOS_DEPLOYMENT_TARGET = 17.5;
				LOCALIZATION_PREFERS_STRING_CATALOGS = YES;
				MTL_ENABLE_DEBUG_INFO = NO;
				MTL_FAST_MATH = YES;
				SDKROOT = iphoneos;
				SWIFT_COMPILATION_MODE = wholemodule;
				VALIDATE_PRODUCT = YES;
			};
			name = Release;
		};
		7C2C9ADD2C93E50900DC1802 /* Debug */ = {
			isa = XCBuildConfiguration;
			buildSettings = {
				ASSETCATALOG_COMPILER_APPICON_NAME = AppIcon;
				ASSETCATALOG_COMPILER_GLOBAL_ACCENT_COLOR_NAME = AccentColor;
				CODE_SIGN_STYLE = Automatic;
				CURRENT_PROJECT_VERSION = 1;
				DEVELOPMENT_TEAM = VXR43ZV554;
				GENERATE_INFOPLIST_FILE = YES;
				INFOPLIST_FILE = MindMap/Info.plist;
				INFOPLIST_KEY_UIApplicationSupportsIndirectInputEvents = YES;
				INFOPLIST_KEY_UILaunchStoryboardName = LaunchScreen;
				INFOPLIST_KEY_UIMainStoryboardFile = Main;
				INFOPLIST_KEY_UISupportedInterfaceOrientations_iPad = "UIInterfaceOrientationPortrait UIInterfaceOrientationPortraitUpsideDown UIInterfaceOrientationLandscapeLeft UIInterfaceOrientationLandscapeRight";
				INFOPLIST_KEY_UISupportedInterfaceOrientations_iPhone = "UIInterfaceOrientationPortrait UIInterfaceOrientationLandscapeLeft UIInterfaceOrientationLandscapeRight";
				IPHONEOS_DEPLOYMENT_TARGET = 15.0;
				LD_RUNPATH_SEARCH_PATHS = (
					"$(inherited)",
					"@executable_path/Frameworks",
				);
				MARKETING_VERSION = 1.0;
				PRODUCT_BUNDLE_IDENTIFIER = com.wangbendong.cn;
				PRODUCT_NAME = "$(TARGET_NAME)";
				SUPPORTED_PLATFORMS = "iphoneos iphonesimulator";
				SUPPORTS_MACCATALYST = NO;
				SUPPORTS_MAC_DESIGNED_FOR_IPHONE_IPAD = NO;
				SUPPORTS_XR_DESIGNED_FOR_IPHONE_IPAD = NO;
				SWIFT_EMIT_LOC_STRINGS = YES;
				SWIFT_VERSION = 5.0;
				TARGETED_DEVICE_FAMILY = "1,2";
			};
			name = Debug;
		};
		7C2C9ADE2C93E50900DC1802 /* Release */ = {
			isa = XCBuildConfiguration;
			buildSettings = {
				ASSETCATALOG_COMPILER_APPICON_NAME = AppIcon;
				ASSETCATALOG_COMPILER_GLOBAL_ACCENT_COLOR_NAME = AccentColor;
				CODE_SIGN_STYLE = Automatic;
				CURRENT_PROJECT_VERSION = 1;
				DEVELOPMENT_TEAM = VXR43ZV554;
				GENERATE_INFOPLIST_FILE = YES;
				INFOPLIST_FILE = MindMap/Info.plist;
				INFOPLIST_KEY_UIApplicationSupportsIndirectInputEvents = YES;
				INFOPLIST_KEY_UILaunchStoryboardName = LaunchScreen;
				INFOPLIST_KEY_UIMainStoryboardFile = Main;
				INFOPLIST_KEY_UISupportedInterfaceOrientations_iPad = "UIInterfaceOrientationPortrait UIInterfaceOrientationPortraitUpsideDown UIInterfaceOrientationLandscapeLeft UIInterfaceOrientationLandscapeRight";
				INFOPLIST_KEY_UISupportedInterfaceOrientations_iPhone = "UIInterfaceOrientationPortrait UIInterfaceOrientationLandscapeLeft UIInterfaceOrientationLandscapeRight";
				IPHONEOS_DEPLOYMENT_TARGET = 15.0;
				LD_RUNPATH_SEARCH_PATHS = (
					"$(inherited)",
					"@executable_path/Frameworks",
				);
				MARKETING_VERSION = 1.0;
				PRODUCT_BUNDLE_IDENTIFIER = com.wangbendong.cn;
				PRODUCT_NAME = "$(TARGET_NAME)";
				SUPPORTED_PLATFORMS = "iphoneos iphonesimulator";
				SUPPORTS_MACCATALYST = NO;
				SUPPORTS_MAC_DESIGNED_FOR_IPHONE_IPAD = NO;
				SUPPORTS_XR_DESIGNED_FOR_IPHONE_IPAD = NO;
				SWIFT_EMIT_LOC_STRINGS = YES;
				SWIFT_VERSION = 5.0;
				TARGETED_DEVICE_FAMILY = "1,2";
			};
			name = Release;
		};
/* End XCBuildConfiguration section */

/* Begin XCConfigurationList section */
		7C2C9AC32C93E50700DC1802 /* Build configuration list for PBXProject "MindMap" */ = {
			isa = XCConfigurationList;
			buildConfigurations = (
				7C2C9ADA2C93E50900DC1802 /* Debug */,
				7C2C9ADB2C93E50900DC1802 /* Release */,
			);
			defaultConfigurationIsVisible = 0;
			defaultConfigurationName = Release;
		};
		7C2C9ADC2C93E50900DC1802 /* Build configuration list for PBXNativeTarget "MindMap" */ = {
			isa = XCConfigurationList;
			buildConfigurations = (
				7C2C9ADD2C93E50900DC1802 /* Debug */,
				7C2C9ADE2C93E50900DC1802 /* Release */,
			);
			defaultConfigurationIsVisible = 0;
			defaultConfigurationName = Release;
		};
/* End XCConfigurationList section */
	};
	rootObject = 7C2C9AC02C93E50700DC1802 /* Project object */;
}
